<?xml version="1.0" encoding="UTF-8" standalone="yes" ?>
<CodeBlocks_project_file>
	<FileVersion major="1" minor="6" />
	<Project>
		<Option title="myTree" />
		<Option pch_mode="2" />
		<Option compiler="gcc" />
		<Build>
			<Target title="Debug">
				<Option output="bin/Debug/myTree" prefix_auto="1" extension_auto="1" />
				<Option object_output="obj/Debug/" />
				<Option type="1" />
				<Option compiler="gcc" />
				<Compiler>
					<Add option="-g" />
				</Compiler>
			</Target>
			<Target title="Release">
				<Option output="bin/Release/myTree" prefix_auto="1" extension_auto="1" />
				<Option object_output="obj/Release/" />
				<Option type="1" />
				<Option compiler="gcc" />
				<Compiler>
					<Add option="-O2" />
				</Compiler>
				<Linker>
					<Add option="-s" />
				</Linker>
			</Target>
		</Build>
		<Compiler>
			<Add option="-Wall" />
			<Add option="-fexceptions" />
		</Compiler>
		<Unit filename="Tests/ExpectedAnswer0.txt" />
		<Unit filename="Tests/ExpectedAnswer1.txt" />
		<Unit filename="Tests/ExpectedAnswer2.txt" />
		<Unit filename="Tests/ExpectedAnswer3.txt" />
		<Unit filename="Tests/ExpectedAnswer4.txt" />
		<Unit filename="Tests/ExpectedAnswer5.txt" />
		<Unit filename="Tests/Test0.txt" />
		<Unit filename="Tests/Test1.txt" />
		<Unit filename="Tests/Test2.txt" />
		<Unit filename="Tests/Test3.txt" />
		<Unit filename="Tests/Test4.txt" />
		<Unit filename="Tests/Test5.txt" />
		<Unit filename="main.cpp" />
		<Unit filename="myTree.h" />
		<Extensions>
			<code_completion />
			<envvars />
			<debugger />
		</Extensions>
	</Project>
</CodeBlocks_project_file>
